# THIS IS AN AUTOGENERATED FILE. DO NOT EDIT THIS FILE DIRECTLY.
# yarn lockfile v1


"@babel/generator@^7.28.5":
  version "7.28.5"
  resolved "https://registry.yarnpkg.com/@babel/generator/-/generator-7.28.5.tgz#712722d5e50f44d07bc7ac9fe84438742dd61298"
  integrity sha512-3EwLFhZ38J4VyIP6WNtt2kUdW9dokXA9Cr4IVIFHuCpZ3H8/YFOl5JjZHisrn1fATPBmKKqXzDFvh9fUwHz6CQ==
  dependencies:
    "@babel/parser" "^7.28.5"
    "@babel/types" "^7.28.5"
    "@jridgewell/gen-mapping" "^0.3.12"
    "@jridgewell/trace-mapping" "^0.3.28"
    jsesc "^3.0.2"

"@babel/helper-string-parser@^7.27.1":
  version "7.27.1"
  resolved "https://registry.yarnpkg.com/@babel/helper-string-parser/-/helper-string-parser-7.27.1.tgz#54da796097ab19ce67ed9f88b47bb2ec49367687"
  integrity sha512-qMlSxKbpRlAridDExk92nSobyDdpPijUq2DW6oDnUqd0iOGxmQjyqhMIihI9+zv4LPyZdRje2cavWPbCbWm3eA==

"@babel/helper-validator-identifier@^7.28.5":
  version "7.28.5"
  resolved "https://registry.yarnpkg.com/@babel/helper-validator-identifier/-/helper-validator-identifier-7.28.5.tgz#010b6938fab7cb7df74aa2bbc06aa503b8fe5fb4"
  integrity sha512-qSs4ifwzKJSV39ucNjsvc6WVHs6b7S03sOh2OcHF9UHfVPqWWALUsNUVzhSBiItjRZoLHx7nIarVjqKVusUZ1Q==

"@babel/parser@^7.28.5":
  version "7.28.5"
  resolved "https://registry.yarnpkg.com/@babel/parser/-/parser-7.28.5.tgz#0b0225ee90362f030efd644e8034c99468893b08"
  integrity sha512-KKBU1VGYR7ORr3At5HAtUQ+TV3SzRCXmA/8OdDZiLDBIZxVyzXuztPjfLd3BV1PRAQGCMWWSHYhL0F8d5uHBDQ==
  dependencies:
    "@babel/types" "^7.28.5"

"@babel/types@^7.28.5":
  version "7.28.5"
  resolved "https://registry.yarnpkg.com/@babel/types/-/types-7.28.5.tgz#10fc405f60897c35f07e85493c932c7b5ca0592b"
  integrity sha512-qQ5m48eI/MFLQ5PxQj4PFaprjyCTLI37ElWMmNs0K8Lk3dVeOdNpB3ks8jc7yM5CDmVC73eMVk/trk3fgmrUpA==
  dependencies:
    "@babel/helper-string-parser" "^7.27.1"
    "@babel/helper-validator-identifier" "^7.28.5"

"@emnapi/core@^1.5.0":
  version "1.7.0"
  resolved "https://registry.yarnpkg.com/@emnapi/core/-/core-1.7.0.tgz#135de4e8858763989112281bdf38ca02439db7c3"
  integrity sha512-pJdKGq/1iquWYtv1RRSljZklxHCOCAJFJrImO5ZLKPJVJlVUcs8yFwNQlqS0Lo8xT1VAXXTCZocF9n26FWEKsw==
  dependencies:
    "@emnapi/wasi-threads" "1.1.0"
    tslib "^2.4.0"

"@emnapi/runtime@^1.5.0":
  version "1.7.0"
  resolved "https://registry.yarnpkg.com/@emnapi/runtime/-/runtime-1.7.0.tgz#d7ef3832df8564fe5903bf0567aedbd19538ecbe"
  integrity sha512-oAYoQnCYaQZKVS53Fq23ceWMRxq5EhQsE0x0RdQ55jT7wagMu5k+fS39v1fiSLrtrLQlXwVINenqhLMtTrV/1Q==
  dependencies:
    tslib "^2.4.0"

"@emnapi/wasi-threads@1.1.0":
  version "1.1.0"
  resolved "https://registry.yarnpkg.com/@emnapi/wasi-threads/-/wasi-threads-1.1.0.tgz#60b2102fddc9ccb78607e4a3cf8403ea69be41bf"
  integrity sha512-WI0DdZ8xFSbgMjR1sFsKABJ/C5OnRrjT06JXbZKexJGrDuPTzZdDYfFlsgcCXCyf+suG5QU2e/y1Wo2V/OapLQ==
  dependencies:
    tslib "^2.4.0"

"@jridgewell/gen-mapping@^0.3.12":
  version "0.3.13"
  resolved "https://registry.yarnpkg.com/@jridgewell/gen-mapping/-/gen-mapping-0.3.13.tgz#6342a19f44347518c93e43b1ac69deb3c4656a1f"
  integrity sha512-2kkt/7niJ6MgEPxF0bYdQ6etZaA+fQvDcLKckhy1yIQOzaoKjBBjSj63/aLVjYE3qhRt5dvM+uUyfCg6UKCBbA==
  dependencies:
    "@jridgewell/sourcemap-codec" "^1.5.0"
    "@jridgewell/trace-mapping" "^0.3.24"

"@jridgewell/resolve-uri@^3.1.0":
  version "3.1.2"
  resolved "https://registry.yarnpkg.com/@jridgewell/resolve-uri/-/resolve-uri-3.1.2.tgz#7a0ee601f60f99a20c7c7c5ff0c80388c1189bd6"
  integrity sha512-bRISgCIjP20/tbWSPWMEi54QVPRZExkuD9lJL+UIxUKtwVJA8wW1Trb1jMs1RFXo1CBTNZ/5hpC9QvmKWdopKw==

"@jridgewell/sourcemap-codec@^1.4.14", "@jridgewell/sourcemap-codec@^1.5.0", "@jridgewell/sourcemap-codec@^1.5.5":
  version "1.5.5"
  resolved "https://registry.yarnpkg.com/@jridgewell/sourcemap-codec/-/sourcemap-codec-1.5.5.tgz#6912b00d2c631c0d15ce1a7ab57cd657f2a8f8ba"
  integrity sha512-cYQ9310grqxueWbl+WuIUIaiUaDcj7WOq5fVhEljNVgRfOUhY9fy2zTvfoqWsnebh8Sl70VScFbICvJnLKB0Og==

"@jridgewell/trace-mapping@^0.3.24", "@jridgewell/trace-mapping@^0.3.28":
  version "0.3.31"
  resolved "https://registry.yarnpkg.com/@jridgewell/trace-mapping/-/trace-mapping-0.3.31.tgz#db15d6781c931f3a251a3dac39501c98a6082fd0"
  integrity sha512-zzNR+SdQSDJzc8joaeP8QQoCQr8NuYx2dIIytl1QeBEZHJ9uW6hebsrYgbz8hJwUQao3TWCMtmfV8Nu1twOLAw==
  dependencies:
    "@jridgewell/resolve-uri" "^3.1.0"
    "@jridgewell/sourcemap-codec" "^1.4.14"

"@napi-rs/wasm-runtime@^1.0.7":
  version "1.0.7"
  resolved "https://registry.yarnpkg.com/@napi-rs/wasm-runtime/-/wasm-runtime-1.0.7.tgz#dcfea99a75f06209a235f3d941e3460a51e9b14c"
  integrity sha512-SeDnOO0Tk7Okiq6DbXmmBODgOAb9dp9gjlphokTUxmt8U3liIP1ZsozBahH69j/RJv+Rfs6IwUKHTgQYJ/HBAw==
  dependencies:
    "@emnapi/core" "^1.5.0"
    "@emnapi/runtime" "^1.5.0"
    "@tybys/wasm-util" "^0.10.1"

"@oxc-project/runtime@^0.96.0":
  version "0.96.0"
  resolved "https://registry.yarnpkg.com/@oxc-project/runtime/-/runtime-0.96.0.tgz#1bfe924fd6ca5f5725ea13d033fea60035a64337"
  integrity sha512-34lh4o9CcSw09Hx6fKihPu85+m+4pmDlkXwJrLvN5nMq5JrcGhhihVM415zDqT8j8IixO1PYYdQZRN4SwQCncg==

"@oxc-project/types@=0.96.0":
  version "0.96.0"
  resolved "https://registry.yarnpkg.com/@oxc-project/types/-/types-0.96.0.tgz#cc704c49a067f4d314deed448a068ef0765c3498"
  integrity sha512-r/xkmoXA0xEpU6UGtn18CNVjXH6erU3KCpCDbpLmbVxBFor1U9MqN5Z2uMmCHJuXjJzlnDR+hWY+yPoLo8oHDw==

"@quansync/fs@^0.1.5":
  version "0.1.5"
  resolved "https://registry.yarnpkg.com/@quansync/fs/-/fs-0.1.5.tgz#8d89bc7add93f9b77e053ff8293d5ca82199fb1f"
  integrity sha512-lNS9hL2aS2NZgNW7BBj+6EBl4rOf8l+tQ0eRY6JWCI8jI2kc53gSoqbjojU0OnAWhzoXiOjFyGsHcDGePB3lhA==
  dependencies:
    quansync "^0.2.11"

"@rolldown/binding-android-arm64@1.0.0-beta.49":
  version "1.0.0-beta.49"
  resolved "https://registry.yarnpkg.com/@rolldown/binding-android-arm64/-/binding-android-arm64-1.0.0-beta.49.tgz#583817b53318f1ddfd7d77945401cd21409ef387"
  integrity sha512-xKQEOmqOet0vFHt/aqcoQGWvoDJhfSO8EBhuST0CDnxQRmnVzbI8keeeX62vi53ZyICKZxczyfx4A8dUY3dqKw==

"@rolldown/binding-darwin-arm64@1.0.0-beta.49":
  version "1.0.0-beta.49"
  resolved "https://registry.yarnpkg.com/@rolldown/binding-darwin-arm64/-/binding-darwin-arm64-1.0.0-beta.49.tgz#33a796ce56ad9e33faa89e6eb1a9167fba4ebda4"
  integrity sha512-kN0N/8m8HUYO13PqlIwxcXD7fu2E6GKu0J4iH7wUJw3T3QK+nvrc20rxtTZ0J6sA1sGCE8UYvvvnurDwMUp0dg==

"@rolldown/binding-darwin-x64@1.0.0-beta.49":
  version "1.0.0-beta.49"
  resolved "https://registry.yarnpkg.com/@rolldown/binding-darwin-x64/-/binding-darwin-x64-1.0.0-beta.49.tgz#d6f55e12dbeeda70a1d29d041053cc3374025a02"
  integrity sha512-29qmvsgY2A4ymfy8sQkFFOFc13m04SLUcYn1iil41gpkYrAspBLkvsOQMHPCs3rQCOImgweT4tFotqTAonwphQ==

"@rolldown/binding-freebsd-x64@1.0.0-beta.49":
  version "1.0.0-beta.49"
  resolved "https://registry.yarnpkg.com/@rolldown/binding-freebsd-x64/-/binding-freebsd-x64-1.0.0-beta.49.tgz#48bf85617dd1cac3d452303b62b5bfbb9d9c7c2c"
  integrity sha512-fY+esrHjgt6+RAnDPuUk39RvFNmYhJekGyC6wr0HWXGTBed07Feap9BrYINSh6x5xFlNpOPs6tImKnV0zVDuWQ==

"@rolldown/binding-linux-arm-gnueabihf@1.0.0-beta.49":
  version "1.0.0-beta.49"
  resolved "https://registry.yarnpkg.com/@rolldown/binding-linux-arm-gnueabihf/-/binding-linux-arm-gnueabihf-1.0.0-beta.49.tgz#ee3e56da0bef06ef84dc1903d355a212bf5df5f0"
  integrity sha512-oQNAqB+XrRM2AZaSPyudQETsPhzCZqgPICQu80fJuNyBFYoz6nonNNZtm3BJ9uP+HZfUk9NfOn9vPoCNuk6gAw==

"@rolldown/binding-linux-arm64-gnu@1.0.0-beta.49":
  version "1.0.0-beta.49"
  resolved "https://registry.yarnpkg.com/@rolldown/binding-linux-arm64-gnu/-/binding-linux-arm64-gnu-1.0.0-beta.49.tgz#e1a74289b437b00fb91cb160c726239f86e22916"
  integrity sha512-bJinAiuWUJvlBxPa8ZmRnWkmmAoUlSWtZT4pRkWi/QX3HlgHfUUbhF+d7aZLciai+iFfbiPqOwCL2tqNXXrUsA==

"@rolldown/binding-linux-arm64-musl@1.0.0-beta.49":
  version "1.0.0-beta.49"
  resolved "https://registry.yarnpkg.com/@rolldown/binding-linux-arm64-musl/-/binding-linux-arm64-musl-1.0.0-beta.49.tgz#250ce826655594f263a9a6ea2c09cbadbcb799bf"
  integrity sha512-gwueY8EJU7afq5tNwKSjYy5JqTR/0MNzZfv6s5dX+rMgeUpTNhwIToLO1F41TPYEa+6LRTXUWG23DO/ONPzUJA==

"@rolldown/binding-linux-x64-gnu@1.0.0-beta.49":
  version "1.0.0-beta.49"
  resolved "https://registry.yarnpkg.com/@rolldown/binding-linux-x64-gnu/-/binding-linux-x64-gnu-1.0.0-beta.49.tgz#acee7f93b1821ffac1fe990a3b06e189b6f9ffd8"
  integrity sha512-VXYkjzzEZh5N5Ue1IEcBgL8RuJu5jWrIKmg8WY6hhCbnNJ1IOsObT4HFW+rE8ZaKNjoIXzImoiYi1UAkKiQRYA==

"@rolldown/binding-linux-x64-musl@1.0.0-beta.49":
  version "1.0.0-beta.49"
  resolved "https://registry.yarnpkg.com/@rolldown/binding-linux-x64-musl/-/binding-linux-x64-musl-1.0.0-beta.49.tgz#a0345ad4dbd53db4625d693807596e7cbad62f70"
  integrity sha512-S5Yw6g/ftiW7MpNpnOM5vSIlDzGuohDY8y7VOI47+92HhO6WqsNfcMkDZXm3G5l6YIfUNStGBV86NWrzasp+sw==

"@rolldown/binding-openharmony-arm64@1.0.0-beta.49":
  version "1.0.0-beta.49"
  resolved "https://registry.yarnpkg.com/@rolldown/binding-openharmony-arm64/-/binding-openharmony-arm64-1.0.0-beta.49.tgz#5f63cf6108043b786d9ff4145896a79a329c0fca"
  integrity sha512-bhRoMO2oP46W1UDd/PTrSdoIYfvLS2jiFAned0SOzOO0tcait9u+b9i8h4ZugbT2IK4qUXNezovbHJs7hKJOEQ==

"@rolldown/binding-wasm32-wasi@1.0.0-beta.49":
  version "1.0.0-beta.49"
  resolved "https://registry.yarnpkg.com/@rolldown/binding-wasm32-wasi/-/binding-wasm32-wasi-1.0.0-beta.49.tgz#dba8e02b8fa23e4221073fcb1c1d71348483f4db"
  integrity sha512-Owp6Y1RQ84UMOV8hrg5e1Fmu8Po1IUXWytAHUtPcc00+ty6Gr9g5GgLLw0oblu7QovBr4848ozvkMcEj3vDKgA==
  dependencies:
    "@napi-rs/wasm-runtime" "^1.0.7"

"@rolldown/binding-win32-arm64-msvc@1.0.0-beta.49":
  version "1.0.0-beta.49"
  resolved "https://registry.yarnpkg.com/@rolldown/binding-win32-arm64-msvc/-/binding-win32-arm64-msvc-1.0.0-beta.49.tgz#ee5401faea1c4c18d607a11e7d3df5bcb5e5aeaa"
  integrity sha512-dnheX8aXsN9P12uwPOW3TVvqSnQ1cfjKQlYgU2dTkrRpnco0kTGvqE1nEWybGukTyuPdzVvrGElgSGEJ7crcSQ==

"@rolldown/binding-win32-ia32-msvc@1.0.0-beta.49":
  version "1.0.0-beta.49"
  resolved "https://registry.yarnpkg.com/@rolldown/binding-win32-ia32-msvc/-/binding-win32-ia32-msvc-1.0.0-beta.49.tgz#f4fb4ce8e88e85c2c1e2fae08ce8f7573a133043"
  integrity sha512-Blt1aODXiAuEdZBqHYXGJwVFlonXKkVEJy5hhxOgnAVi/0mzFNWDxc8qVlxl7dpQjQdboW/wXdgMHpTDfomicg==

"@rolldown/binding-win32-x64-msvc@1.0.0-beta.49":
  version "1.0.0-beta.49"
  resolved "https://registry.yarnpkg.com/@rolldown/binding-win32-x64-msvc/-/binding-win32-x64-msvc-1.0.0-beta.49.tgz#8de89bf533dca3a25513a20bcd49c83135584b17"
  integrity sha512-sSu4qUlL/62QJrR3P+Bd+EblD8tUpnovUz65qow3PA7YxH+f5NFDbCJMR1m5b8zBuVZwZIHfzbuawz+Vl34/xg==

"@rolldown/pluginutils@1.0.0-beta.49":
  version "1.0.0-beta.49"
  resolved "https://registry.yarnpkg.com/@rolldown/pluginutils/-/pluginutils-1.0.0-beta.49.tgz#36916d2bc4fe42e56db3b54e1715e2e83dfaed30"
  integrity sha512-HLlu3Qn3ePmNCbfehwKWXQMzX/2rzcL6Jmpo+Dl3xnq46TGMyJAgO+IsS8ka7IDLeD3wcoOhjJwxTdIdbrFhGw==

"@tybys/wasm-util@^0.10.1":
  version "0.10.1"
  resolved "https://registry.yarnpkg.com/@tybys/wasm-util/-/wasm-util-0.10.1.tgz#ecddd3205cf1e2d5274649ff0eedd2991ed7f414"
  integrity sha512-9tTaPJLSiejZKx+Bmog4uSubteqTvFrVrURwkmHixBo0G4seD0zUxp98E1DzUBJxLQ3NPwXrGKDiVjwx/DpPsg==
  dependencies:
    tslib "^2.4.0"

ansis@^4.2.0:
  version "4.2.0"
  resolved "https://registry.yarnpkg.com/ansis/-/ansis-4.2.0.tgz#2e6e61c46b11726ac67f78785385618b9e658780"
  integrity sha512-HqZ5rWlFjGiV0tDm3UxxgNRqsOTniqoKZu0pIAfh7TZQMGuZK+hH0drySty0si0QXj1ieop4+SkSfPZBPPkHig==

ast-kit@^2.2.0:
  version "2.2.0"
  resolved "https://registry.yarnpkg.com/ast-kit/-/ast-kit-2.2.0.tgz#6d9a298acefef5bdfc5a0fa51d94d1334ef2e671"
  integrity sha512-m1Q/RaVOnTp9JxPX+F+Zn7IcLYMzM8kZofDImfsKZd8MbR+ikdOzTeztStWqfrqIxZnYWryyI9ePm3NGjnZgGw==
  dependencies:
    "@babel/parser" "^7.28.5"
    pathe "^2.0.3"

birpc@^2.8.0:
  version "2.8.0"
  resolved "https://registry.yarnpkg.com/birpc/-/birpc-2.8.0.tgz#064c90bda7912ef8aebd544f174ae1c9bc230c71"
  integrity sha512-Bz2a4qD/5GRhiHSwj30c/8kC8QGj12nNDwz3D4ErQ4Xhy35dsSDvF+RA/tWpjyU0pdGtSDiEk6B5fBGE1qNVhw==

cac@^6.7.14:
  version "6.7.14"
  resolved "https://registry.yarnpkg.com/cac/-/cac-6.7.14.tgz#804e1e6f506ee363cb0e3ccbb09cad5dd9870959"
  integrity sha512-b6Ilus+c3RrdDk+JhLKUAQfzzgLEPy6wcXqS7f/xe1EETvsDP6GORG7SFuOs6cID5YkqchW/LXZbX5bc8j7ZcQ==

chokidar@^4.0.3:
  version "4.0.3"
  resolved "https://registry.yarnpkg.com/chokidar/-/chokidar-4.0.3.tgz#7be37a4c03c9aee1ecfe862a4a23b2c70c205d30"
  integrity sha512-Qgzu8kfBvo+cA4962jnP1KkS6Dop5NS6g7R5LFYJr4b8Ub94PPQXUksCw9PvXoeXPRRddRNC5C1JQUR2SMGtnA==
  dependencies:
    readdirp "^4.0.1"

diff@^8.0.2:
  version "8.0.2"
  resolved "https://registry.yarnpkg.com/diff/-/diff-8.0.2.tgz#712156a6dd288e66ebb986864e190c2fc9eddfae"
  integrity sha512-sSuxWU5j5SR9QQji/o2qMvqRNYRDOcBTgsJ/DeCf4iSN4gW+gNMXM7wFIP+fdXZxoNiAnHUTGjCr+TSWXdRDKg==

dts-resolver@^2.1.3:
  version "2.1.3"
  resolved "https://registry.yarnpkg.com/dts-resolver/-/dts-resolver-2.1.3.tgz#b930b38fcb2f3dab3b55cb4ac73658c9a5fc0a41"
  integrity sha512-bihc7jPC90VrosXNzK0LTE2cuLP6jr0Ro8jk+kMugHReJVLIpHz/xadeq3MhuwyO4TD4OA3L1Q8pBBFRc08Tsw==

empathic@^2.0.0:
  version "2.0.0"
  resolved "https://registry.yarnpkg.com/empathic/-/empathic-2.0.0.tgz#71d3c2b94fad49532ef98a6c34be0386659f6131"
  integrity sha512-i6UzDscO/XfAcNYD75CfICkmfLedpyPDdozrLMmQc5ORaQcdMoc21OnlEylMIqI7U8eniKrPMxxtj8k0vhmJhA==

fdir@^6.5.0:
  version "6.5.0"
  resolved "https://registry.yarnpkg.com/fdir/-/fdir-6.5.0.tgz#ed2ab967a331ade62f18d077dae192684d50d350"
  integrity sha512-tIbYtZbucOs0BRGqPJkshJUYdL+SDH7dVM8gjy+ERp3WAUjLEFJE+02kanyHtwjWOnwrKYBiwAmM0p4kLJAnXg==

get-tsconfig@^4.13.0:
  version "4.13.0"
  resolved "https://registry.yarnpkg.com/get-tsconfig/-/get-tsconfig-4.13.0.tgz#fcdd991e6d22ab9a600f00e91c318707a5d9a0d7"
  integrity sha512-1VKTZJCwBrvbd+Wn3AOgQP/2Av+TfTCOlE4AcRJE72W1ksZXbAx8PPBR9RzgTeSPzlPMHrbANMH3LbltH73wxQ==
  dependencies:
    resolve-pkg-maps "^1.0.0"

hookable@^5.5.3:
  version "5.5.3"
  resolved "https://registry.yarnpkg.com/hookable/-/hookable-5.5.3.tgz#6cfc358984a1ef991e2518cb9ed4a778bbd3215d"
  integrity sha512-Yc+BQe8SvoXH1643Qez1zqLRmbA5rCL+sSmk6TVos0LWVfNIB7PGncdlId77WzLGSIB5KaWgTaNTs2lNVEI6VQ==

jsesc@^3.0.2:
  version "3.1.0"
  resolved "https://registry.yarnpkg.com/jsesc/-/jsesc-3.1.0.tgz#74d335a234f67ed19907fdadfac7ccf9d409825d"
  integrity sha512-/sM3dO2FOzXjKQhJuo0Q173wf2KOo8t4I8vHy6lF9poUp7bKT0/NHE8fPX23PwfhnykfqnC2xRxOnVw5XuGIaA==

magic-string@^0.30.21:
  version "0.30.21"
  resolved "https://registry.yarnpkg.com/magic-string/-/magic-string-0.30.21.tgz#56763ec09a0fa8091df27879fd94d19078c00d91"
  integrity sha512-vd2F4YUyEXKGcLHoq+TEyCjxueSeHnFxyyjNp80yg0XV4vUhnDer/lvvlqM/arB5bXQN5K2/3oinyCRyx8T2CQ==
  dependencies:
    "@jridgewell/sourcemap-codec" "^1.5.5"

obug@^0.1.1:
  version "0.1.1"
  resolved "https://registry.yarnpkg.com/obug/-/obug-0.1.1.tgz#65f896f5325554baabfbd4d22c8ce27b16b5898a"
  integrity sha512-idmtuvNcQDncavr1pJDd9oCsU+2HWDlg+M/LquTUoi8HTEvm5PtY/dws7whAP1iu3vbrigdTVE/iUvMeKILBDg==

pathe@^2.0.3:
  version "2.0.3"
  resolved "https://registry.yarnpkg.com/pathe/-/pathe-2.0.3.tgz#3ecbec55421685b70a9da872b2cff3e1cbed1716"
  integrity sha512-WUjGcAqP1gQacoQe+OBJsFA7Ld4DyXuUIjZ5cc75cLHvJ7dtNsTugphxIADwspS+AraAUePCKrSVtPLFj/F88w==

picomatch@^4.0.3:
  version "4.0.3"
  resolved "https://registry.yarnpkg.com/picomatch/-/picomatch-4.0.3.tgz#796c76136d1eead715db1e7bad785dedd695a042"
  integrity sha512-5gTmgEY/sqK6gFXLIsQNH19lWb4ebPDLA4SdLP7dsWkIXHWlG66oPuVvXSGFPppYZz8ZDZq0dYYrbHfBCVUb1Q==

quansync@^0.2.11:
  version "0.2.11"
  resolved "https://registry.yarnpkg.com/quansync/-/quansync-0.2.11.tgz#f9c3adda2e1272e4f8cf3f1457b04cbdb4ee692a"
  integrity sha512-AifT7QEbW9Nri4tAwR5M/uzpBuqfZf+zwaEM/QkzEjj7NBuFD2rBuy0K3dE+8wltbezDV7JMA0WfnCPYRSYbXA==

readdirp@^4.0.1:
  version "4.1.2"
  resolved "https://registry.yarnpkg.com/readdirp/-/readdirp-4.1.2.tgz#eb85801435fbf2a7ee58f19e0921b068fc69948d"
  integrity sha512-GDhwkLfywWL2s6vEjyhri+eXmfH6j1L7JE27WhqLeYzoh/A3DBaYGEj2H/HFZCn/kMfim73FXxEJTw06WtxQwg==

resolve-pkg-maps@^1.0.0:
  version "1.0.0"
  resolved "https://registry.yarnpkg.com/resolve-pkg-maps/-/resolve-pkg-maps-1.0.0.tgz#616b3dc2c57056b5588c31cdf4b3d64db133720f"
  integrity sha512-seS2Tj26TBVOC2NIc2rOe2y2ZO7efxITtLZcGSOnHHNOQ7CkiUBfw0Iw2ck6xkIhPwLhKNLS8BO+hEpngQlqzw==

rolldown-plugin-dts@^0.17.6:
  version "0.17.6"
  resolved "https://registry.yarnpkg.com/rolldown-plugin-dts/-/rolldown-plugin-dts-0.17.6.tgz#5f9ba237bb5927a5d3120546c6358aec64e24b17"
  integrity sha512-yX7kDS7Pm9HyVdKKtgfLiRS4wwu+dA4c7KUmOTWKgheu3he4pcT6Wk0Ht59Xm+1pHuoWYv3DvFPqxeF1AyW82A==
  dependencies:
    "@babel/generator" "^7.28.5"
    "@babel/parser" "^7.28.5"
    "@babel/types" "^7.28.5"
    ast-kit "^2.2.0"
    birpc "^2.8.0"
    dts-resolver "^2.1.3"
    get-tsconfig "^4.13.0"
    magic-string "^0.30.21"
    obug "^0.1.1"

rolldown@1.0.0-beta.49:
  version "1.0.0-beta.49"
  resolved "https://registry.yarnpkg.com/rolldown/-/rolldown-1.0.0-beta.49.tgz#3e82ee2bf4a3cb9114696018b550512b0858230a"
  integrity sha512-Bfmdn3ZqyCwi1LxG39KBrSlil9a/xnrOrAj+jqqN2YTR/WJIEOOfwNKgDALQvr0xlO9bG/i1C883KGd4nd7SrA==
  dependencies:
    "@oxc-project/types" "=0.96.0"
    "@rolldown/pluginutils" "1.0.0-beta.49"
  optionalDependencies:
    "@rolldown/binding-android-arm64" "1.0.0-beta.49"
    "@rolldown/binding-darwin-arm64" "1.0.0-beta.49"
    "@rolldown/binding-darwin-x64" "1.0.0-beta.49"
    "@rolldown/binding-freebsd-x64" "1.0.0-beta.49"
    "@rolldown/binding-linux-arm-gnueabihf" "1.0.0-beta.49"
    "@rolldown/binding-linux-arm64-gnu" "1.0.0-beta.49"
    "@rolldown/binding-linux-arm64-musl" "1.0.0-beta.49"
    "@rolldown/binding-linux-x64-gnu" "1.0.0-beta.49"
    "@rolldown/binding-linux-x64-musl" "1.0.0-beta.49"
    "@rolldown/binding-openharmony-arm64" "1.0.0-beta.49"
    "@rolldown/binding-wasm32-wasi" "1.0.0-beta.49"
    "@rolldown/binding-win32-arm64-msvc" "1.0.0-beta.49"
    "@rolldown/binding-win32-ia32-msvc" "1.0.0-beta.49"
    "@rolldown/binding-win32-x64-msvc" "1.0.0-beta.49"

semver@^7.7.3:
  version "7.7.3"
  resolved "https://registry.yarnpkg.com/semver/-/semver-7.7.3.tgz#4b5f4143d007633a8dc671cd0a6ef9147b8bb946"
  integrity sha512-SdsKMrI9TdgjdweUSR9MweHA4EJ8YxHn8DFaDisvhVlUOe4BF1tLD7GAj0lIqWVl+dPb/rExr0Btby5loQm20Q==

tinyexec@^1.0.2:
  version "1.0.2"
  resolved "https://registry.yarnpkg.com/tinyexec/-/tinyexec-1.0.2.tgz#bdd2737fe2ba40bd6f918ae26642f264b99ca251"
  integrity sha512-W/KYk+NFhkmsYpuHq5JykngiOCnxeVL8v8dFnqxSD8qEEdRfXk1SDM6JzNqcERbcGYj9tMrDQBYV9cjgnunFIg==

tinyglobby@^0.2.15:
  version "0.2.15"
  resolved "https://registry.yarnpkg.com/tinyglobby/-/tinyglobby-0.2.15.tgz#e228dd1e638cea993d2fdb4fcd2d4602a79951c2"
  integrity sha512-j2Zq4NyQYG5XMST4cbs02Ak8iJUdxRM0XI5QyxXuZOzKOINmWurp3smXu3y5wDcJrptwpSjgXHzIQxR0omXljQ==
  dependencies:
    fdir "^6.5.0"
    picomatch "^4.0.3"

tree-kill@^1.2.2:
  version "1.2.2"
  resolved "https://registry.yarnpkg.com/tree-kill/-/tree-kill-1.2.2.tgz#4ca09a9092c88b73a7cdc5e8a01b507b0790a0cc"
  integrity sha512-L0Orpi8qGpRG//Nd+H90vFB+3iHnue1zSSGmNOOCh1GLJ7rUKVwV2HvijphGQS2UmhUZewS9VgvxYIdgr+fG1A==

tsdown@^0.16.0:
  version "0.16.3"
  resolved "https://registry.yarnpkg.com/tsdown/-/tsdown-0.16.3.tgz#ebc9d903d196da9d4db63086539a67e0faa6f8e4"
  integrity sha512-uciWbZs71/Yj5Mr++gk+Ry3cp4c4PGluLscJ8dbGLHyKFjo1Hrtn+Ix/BIulIKsrnECwwvDge24WKHzdJmCCQg==
  dependencies:
    ansis "^4.2.0"
    cac "^6.7.14"
    chokidar "^4.0.3"
    diff "^8.0.2"
    empathic "^2.0.0"
    hookable "^5.5.3"
    obug "^0.1.1"
    rolldown "1.0.0-beta.49"
    rolldown-plugin-dts "^0.17.6"
    semver "^7.7.3"
    tinyexec "^1.0.2"
    tinyglobby "^0.2.15"
    tree-kill "^1.2.2"
    unconfig-core "^7.4.1"
    unrun "^0.2.8"

tslib@^2.4.0:
  version "2.8.1"
  resolved "https://registry.yarnpkg.com/tslib/-/tslib-2.8.1.tgz#612efe4ed235d567e8aba5f2a5fab70280ade83f"
  integrity sha512-oJFu94HQb+KVduSUQL7wnpmqnfmLsOA/nAh6b6EH0wCEoK0/mPeXU6c3wKDV83MkOuHPRHtSXKKU99IBazS/2w==

typescript@^5.9.3:
  version "5.9.3"
  resolved "https://registry.yarnpkg.com/typescript/-/typescript-5.9.3.tgz#5b4f59e15310ab17a216f5d6cf53ee476ede670f"
  integrity sha512-jl1vZzPDinLr9eUt3J/t7V6FgNEw9QjvBPdysz9KfQDD41fQrC2Y4vKQdiaUpFT4bXlb1RHhLpp8wtm6M5TgSw==

unconfig-core@^7.4.1:
  version "7.4.1"
  resolved "https://registry.yarnpkg.com/unconfig-core/-/unconfig-core-7.4.1.tgz#57cbea6ea1b066f83450d794373544b178cfe8fd"
  integrity sha512-Bp/bPZjV2Vl/fofoA2OYLSnw1Z0MOhCX7zHnVCYrazpfZvseBbGhwcNQMxsg185Mqh7VZQqK3C8hFG/Dyng+yA==
  dependencies:
    "@quansync/fs" "^0.1.5"
    quansync "^0.2.11"

unrun@^0.2.8:
  version "0.2.8"
  resolved "https://registry.yarnpkg.com/unrun/-/unrun-0.2.8.tgz#6135f0cd3fdca791bf7cc6f7f44dbe2242a0f98b"
  integrity sha512-2HnCvemvMN7qQm0/1uhhi8JoVHQxfkAhZTCdFNWAK35dXKJlOHpcJ6ayN23JKJZyAXjAwpVZZr878flfRiaiFQ==
  dependencies:
    "@oxc-project/runtime" "^0.96.0"
    rolldown "1.0.0-beta.49"
